
Microsoft Visual Studio Solution File, Format Version 12.00
# Visual Studio 15
VisualStudioVersion = 15.0.28307.271
MinimumVisualStudioVersion = 10.0.40219.1
Project("{FAE04EC0-301F-11D3-BF4B-00C04F79EFBC}") = "ConsoleAppInfluxDB", "ConsoleAppInfluxDB\ConsoleAppInfluxDB.csproj", "{9D43F5B5-3C7A-4DD2-8FBE-B1C227FC4016}"
EndProject
Global
	GlobalSection(SolutionConfigurationPlatforms) = preSolution
		Debug|Any CPU = Debug|Any CPU
		Release|Any CPU = Release|Any CPU
	EndGlobalSection
	GlobalSection(ProjectConfigurationPlatforms) = postSolution
		{9D43F5B5-3C7A-4DD2-8FBE-B1C227FC4016}.Debug|Any CPU.ActiveCfg = Debug|Any CPU
		{9D43F5B5-3C7A-4DD2-8FBE-B1C227FC4016}.Debug|Any CPU.Build.0 = Debug|Any CPU
		{9D43F5B5-3C7A-4DD2-8FBE-B1C227FC4016}.Release|Any CPU.ActiveCfg = Release|Any CPU
		{9D43F5B5-3C7A-4DD2-8FBE-B1C227FC4016}.Release|Any CPU.Build.0 = Release|Any CPU
	EndGlobalSection
	GlobalSection(SolutionProperties) = preSolution
		HideSolutionNode = FALSE
	EndGlobalSection
	GlobalSection(ExtensibilityGlobals) = postSolution
		SolutionGuid = {FAC52324-FB87-4E43-84A1-D6A521B0F7AC}
	EndGlobalSection
EndGlobal
